{
  "requires": true,
  "lockfileVersion": 1,
  "dependencies": {
    "tui-chart": {
      "version": "3.1.2",
      "resolved": "https://registry.npmjs.org/tui-chart/-/tui-chart-3.1.2.tgz",
      "integrity": "sha512-FEvacrCLPemwkAgtQkjW8FoSGsuDIRqfF+0JzYe/coeRXQzUgCZ+fwV3E6juCFWUdUJK7VmNAKtdN9TlWJUkJg==",
      "requires": {
        "raphael": "git+https://github.com/nhnent/raphael.git#78a6ed3ec269f33b6457b0ec66f8c3d1f2ed70e0",
        "tui-code-snippet": "1.4.0"
      },
      "dependencies": {
        "eve": {
          "version": "git://github.com/adobe-webplatform/eve.git#eef80ed8d188423c2272746fb8ae5cc8dad84cb1"
        },
        "raphael": {
          "version": "git+https://github.com/nhnent/raphael.git#78a6ed3ec269f33b6457b0ec66f8c3d1f2ed70e0",
          "requires": {
            "eve": "git://github.com/adobe-webplatform/eve.git#eef80ed8d188423c2272746fb8ae5cc8dad84cb1"
          }
        }
      }
    },
    "tui-code-snippet": {
      "version": "1.4.0",
      "resolved": "https://registry.npmjs.org/tui-code-snippet/-/tui-code-snippet-1.4.0.tgz",
      "integrity": "sha512-a7XzHRbRDi6Tt4lGcopq6ctQjVrzmnw9JMoTFqur5gczgtw5tmgUqXHjg8D9IonDkzZNq5gYLhkzykx4fmn+GA=="
    }
  }
}
